// !$*UTF8*$!
{
	archiveVersion = 1;
	classes = {
	};
	objectVersion = 46;
	objects = {

/* Begin PBXBuildFile section */
		640120011D8BA13400D77FA8 /* AppDelegate.swift in Sources */ = {isa = PBXBuildFile; fileRef = 640120001D8BA13400D77FA8 /* AppDelegate.swift */; };
		640120031D8BA13400D77FA8 /* ViewController.swift in Sources */ = {isa = PBXBuildFile; fileRef = 640120021D8BA13400D77FA8 /* ViewController.swift */; };
		640120061D8BA13400D77FA8 /* Main.storyboard in Resources */ = {isa = PBXBuildFile; fileRef = 640120041D8BA13400D77FA8 /* Main.storyboard */; };
		640120081D8BA13400D77FA8 /* Assets.xcassets in Resources */ = {isa = PBXBuildFile; fileRef = 640120071D8BA13400D77FA8 /* Assets.xcassets */; };
		6401200B1D8BA13400D77FA8 /* LaunchScreen.storyboard in Resources */ = {isa = PBXBuildFile; fileRef = 640120091D8BA13400D77FA8 /* LaunchScreen.storyboard */; };
		640120161D8BA13400D77FA8 /* CalculatorTests.swift in Sources */ = {isa = PBXBuildFile; fileRef = 640120151D8BA13400D77FA8 /* CalculatorTests.swift */; };
		640120211D8BA13400D77FA8 /* CalculatorUITests.swift in Sources */ = {isa = PBXBuildFile; fileRef = 640120201D8BA13400D77FA8 /* CalculatorUITests.swift */; };
		6401202F1D8BBBB500D77FA8 /* CalculatorBrain.swift in Sources */ = {isa = PBXBuildFile; fileRef = 6401202E1D8BBBB500D77FA8 /* CalculatorBrain.swift */; };
/* End PBXBuildFile section */

/* Begin PBXContainerItemProxy section */
		640120121D8BA13400D77FA8 /* PBXContainerItemProxy */ = {
			isa = PBXContainerItemProxy;
			containerPortal = 64011FF51D8BA13400D77FA8 /* Project object */;
			proxyType = 1;
			remoteGlobalIDString = 64011FFC1D8BA13400D77FA8;
			remoteInfo = Calculator;
		};
		6401201D1D8BA13400D77FA8 /* PBXContainerItemProxy */ = {
			isa = PBXContainerItemProxy;
			containerPortal = 64011FF51D8BA13400D77FA8 /* Project object */;
			proxyType = 1;
			remoteGlobalIDString = 64011FFC1D8BA13400D77FA8;
			remoteInfo = Calculator;
		};
/* End PBXContainerItemProxy section */

/* Begin PBXFileReference section */
		64011FFD1D8BA13400D77FA8 /* Calculator.app */ = {isa = PBXFileReference; explicitFileType = wrapper.application; includeInIndex = 0; path = Calculator.app; sourceTree = BUILT_PRODUCTS_DIR; };
		640120001D8BA13400D77FA8 /* AppDelegate.swift */ = {isa = PBXFileReference; lastKnownFileType = sourcecode.swift; path = AppDelegate.swift; sourceTree = "<group>"; };
		640120021D8BA13400D77FA8 /* ViewController.swift */ = {isa = PBXFileReference; lastKnownFileType = sourcecode.swift; path = ViewController.swift; sourceTree = "<group>"; };
		640120051D8BA13400D77FA8 /* Base */ = {isa = PBXFileReference; lastKnownFileType = file.storyboard; name = Base; path = Base.lproj/Main.storyboard; sourceTree = "<group>"; };
		640120071D8BA13400D77FA8 /* Assets.xcassets */ = {isa = PBXFileReference; lastKnownFileType = folder.assetcatalog; path = Assets.xcassets; sourceTree = "<group>"; };
		6401200A1D8BA13400D77FA8 /* Base */ = {isa = PBXFileReference; lastKnownFileType = file.storyboard; name = Base; path = Base.lproj/LaunchScreen.storyboard; sourceTree = "<group>"; };
		6401200C1D8BA13400D77FA8 /* Info.plist */ = {isa = PBXFileReference; lastKnownFileType = text.plist.xml; path = Info.plist; sourceTree = "<group>"; };
		640120111D8BA13400D77FA8 /* CalculatorTests.xctest */ = {isa = PBXFileReference; explicitFileType = wrapper.cfbundle; includeInIndex = 0; path = CalculatorTests.xctest; sourceTree = BUILT_PRODUCTS_DIR; };
		640120151D8BA13400D77FA8 /* CalculatorTests.swift */ = {isa = PBXFileReference; lastKnownFileType = sourcecode.swift; path = CalculatorTests.swift; sourceTree = "<group>"; };
		640120171D8BA13400D77FA8 /* Info.plist */ = {isa = PBXFileReference; lastKnownFileType = text.plist.xml; path = Info.plist; sourceTree = "<group>"; };
		6401201C1D8BA13400D77FA8 /* CalculatorUITests.xctest */ = {isa = PBXFileReference; explicitFileType = wrapper.cfbundle; includeInIndex = 0; path = CalculatorUITests.xctest; sourceTree = BUILT_PRODUCTS_DIR; };
		640120201D8BA13400D77FA8 /* CalculatorUITests.swift */ = {isa = PBXFileReference; lastKnownFileType = sourcecode.swift; path = CalculatorUITests.swift; sourceTree = "<group>"; };
		640120221D8BA13400D77FA8 /* Info.plist */ = {isa = PBXFileReference; lastKnownFileType = text.plist.xml; path = Info.plist; sourceTree = "<group>"; };
		6401202E1D8BBBB500D77FA8 /* CalculatorBrain.swift */ = {isa = PBXFileReference; fileEncoding = 4; lastKnownFileType = sourcecode.swift; path = CalculatorBrain.swift; sourceTree = "<group>"; };
/* End PBXFileReference section */

/* Begin PBXFrameworksBuildPhase section */
		64011FFA1D8BA13400D77FA8 /* Frameworks */ = {
			isa = PBXFrameworksBuildPhase;
			buildActionMask = 2147483647;
			files = (
			);
			runOnlyForDeploymentPostprocessing = 0;
		};
		6401200E1D8BA13400D77FA8 /* Frameworks */ = {
			isa = PBXFrameworksBuildPhase;
			buildActionMask = 2147483647;
			files = (
			);
			runOnlyForDeploymentPostprocessing = 0;
		};
		640120191D8BA13400D77FA8 /* Frameworks */ = {
			isa = PBXFrameworksBuildPhase;
			buildActionMask = 2147483647;
			files = (
			);
			runOnlyForDeploymentPostprocessing = 0;
		};
/* End PBXFrameworksBuildPhase section */

/* Begin PBXGroup section */
		64011FF41D8BA13400D77FA8 = {
			isa = PBXGroup;
			children = (
				64011FFF1D8BA13400D77FA8 /* Calculator */,
				640120141D8BA13400D77FA8 /* CalculatorTests */,
				6401201F1D8BA13400D77FA8 /* CalculatorUITests */,
				64011FFE1D8BA13400D77FA8 /* Products */,
			);
			sourceTree = "<group>";
		};
		64011FFE1D8BA13400D77FA8 /* Products */ = {
			isa = PBXGroup;
			children = (
				64011FFD1D8BA13400D77FA8 /* Calculator.app */,
				640120111D8BA13400D77FA8 /* CalculatorTests.xctest */,
				6401201C1D8BA13400D77FA8 /* CalculatorUITests.xctest */,
			);
			name = Products;
			sourceTree = "<group>";
		};
		64011FFF1D8BA13400D77FA8 /* Calculator */ = {
			isa = PBXGroup;
			children = (
				640120001D8BA13400D77FA8 /* AppDelegate.swift */,
				640120021D8BA13400D77FA8 /* ViewController.swift */,
				640120041D8BA13400D77FA8 /* Main.storyboard */,
				640120071D8BA13400D77FA8 /* Assets.xcassets */,
				640120091D8BA13400D77FA8 /* LaunchScreen.storyboard */,
				6401200C1D8BA13400D77FA8 /* Info.plist */,
				6401202E1D8BBBB500D77FA8 /* CalculatorBrain.swift */,
			);
			path = Calculator;
			sourceTree = "<group>";
		};
		640120141D8BA13400D77FA8 /* CalculatorTests */ = {
			isa = PBXGroup;
			children = (
				640120151D8BA13400D77FA8 /* CalculatorTests.swift */,
				640120171D8BA13400D77FA8 /* Info.plist */,
			);
			path = CalculatorTests;
			sourceTree = "<group>";
		};
		6401201F1D8BA13400D77FA8 /* CalculatorUITests */ = {
			isa = PBXGroup;
			children = (
				640120201D8BA13400D77FA8 /* CalculatorUITests.swift */,
				640120221D8BA13400D77FA8 /* Info.plist */,
			);
			path = CalculatorUITests;
			sourceTree = "<group>";
		};
/* End PBXGroup section */

/* Begin PBXNativeTarget section */
		64011FFC1D8BA13400D77FA8 /* Calculator */ = {
			isa = PBXNativeTarget;
			buildConfigurationList = 640120251D8BA13400D77FA8 /* Build configuration list for PBXNativeTarget "Calculator" */;
			buildPhases = (
				64011FF91D8BA13400D77FA8 /* Sources */,
				64011FFA1D8BA13400D77FA8 /* Frameworks */,
				64011FFB1D8BA13400D77FA8 /* Resources */,
			);
			buildRules = (
			);
			dependencies = (
			);
			name = Calculator;
			productName = Calculator;
			productReference = 64011FFD1D8BA13400D77FA8 /* Calculator.app */;
			productType = "com.apple.product-type.application";
		};
		640120101D8BA13400D77FA8 /* CalculatorTests */ = {
			isa = PBXNativeTarget;
			buildConfigurationList = 640120281D8BA13400D77FA8 /* Build configuration list for PBXNativeTarget "CalculatorTests" */;
			buildPhases = (
				6401200D1D8BA13400D77FA8 /* Sources */,
				6401200E1D8BA13400D77FA8 /* Frameworks */,
				6401200F1D8BA13400D77FA8 /* Resources */,
			);
			buildRules = (
			);
			dependencies = (
				640120131D8BA13400D77FA8 /* PBXTargetDependency */,
			);
			name = CalculatorTests;
			productName = CalculatorTests;
			productReference = 640120111D8BA13400D77FA8 /* CalculatorTests.xctest */;
			productType = "com.apple.product-type.bundle.unit-test";
		};
		6401201B1D8BA13400D77FA8 /* CalculatorUITests */ = {
			isa = PBXNativeTarget;
			buildConfigurationList = 6401202B1D8BA13400D77FA8 /* Build configuration list for PBXNativeTarget "CalculatorUITests" */;
			buildPhases = (
				640120181D8BA13400D77FA8 /* Sources */,
				640120191D8BA13400D77FA8 /* Frameworks */,
				6401201A1D8BA13400D77FA8 /* Resources */,
			);
			buildRules = (
			);
			dependencies = (
				6401201E1D8BA13400D77FA8 /* PBXTargetDependency */,
			);
			name = CalculatorUITests;
			productName = CalculatorUITests;
			productReference = 6401201C1D8BA13400D77FA8 /* CalculatorUITests.xctest */;
			productType = "com.apple.product-type.bundle.ui-testing";
		};
/* End PBXNativeTarget section */

/* Begin PBXProject section */
		64011FF51D8BA13400D77FA8 /* Project object */ = {
			isa = PBXProject;
			attributes = {
				LastSwiftUpdateCheck = 0730;
				LastUpgradeCheck = 0730;
				ORGANIZATIONNAME = "Nathaniel Davidson";
				TargetAttributes = {
					64011FFC1D8BA13400D77FA8 = {
						CreatedOnToolsVersion = 7.3.1;
					};
					640120101D8BA13400D77FA8 = {
						CreatedOnToolsVersion = 7.3.1;
						TestTargetID = 64011FFC1D8BA13400D77FA8;
					};
					6401201B1D8BA13400D77FA8 = {
						CreatedOnToolsVersion = 7.3.1;
						TestTargetID = 64011FFC1D8BA13400D77FA8;
					};
				};
			};
			buildConfigurationList = 64011FF81D8BA13400D77FA8 /* Build configuration list for PBXProject "Calculator" */;
			compatibilityVersion = "Xcode 3.2";
			developmentRegion = English;
			hasScannedForEncodings = 0;
			knownRegions = (
				en,
				Base,
			);
			mainGroup = 64011FF41D8BA13400D77FA8;
			productRefGroup = 64011FFE1D8BA13400D77FA8 /* Products */;
			projectDirPath = "";
			projectRoot = "";
			targets = (
				64011FFC1D8BA13400D77FA8 /* Calculator */,
				640120101D8BA13400D77FA8 /* CalculatorTests */,
				6401201B1D8BA13400D77FA8 /* CalculatorUITests */,
			);
		};
/* End PBXProject section */

/* Begin PBXResourcesBuildPhase section */
		64011FFB1D8BA13400D77FA8 /* Resources */ = {
			isa = PBXResourcesBuildPhase;
			buildActionMask = 2147483647;
			files = (
				6401200B1D8BA13400D77FA8 /* LaunchScreen.storyboard in Resources */,
				640120081D8BA13400D77FA8 /* Assets.xcassets in Resources */,
				640120061D8BA13400D77FA8 /* Main.storyboard in Resources */,
			);
			runOnlyForDeploymentPostprocessing = 0;
		};
		6401200F1D8BA13400D77FA8 /* Resources */ = {
			isa = PBXResourcesBuildPhase;
			buildActionMask = 2147483647;
			files = (
			);
			runOnlyForDeploymentPostprocessing = 0;
		};
		6401201A1D8BA13400D77FA8 /* Resources */ = {
			isa = PBXResourcesBuildPhase;
			buildActionMask = 2147483647;
			files = (
			);
			runOnlyForDeploymentPostprocessing = 0;
		};
/* End PBXResourcesBuildPhase section */

/* Begin PBXSourcesBuildPhase section */
		64011FF91D8BA13400D77FA8 /* Sources */ = {
			isa = PBXSourcesBuildPhase;
			buildActionMask = 2147483647;
			files = (
				6401202F1D8BBBB500D77FA8 /* CalculatorBrain.swift in Sources */,
				640120031D8BA13400D77FA8 /* ViewController.swift in Sources */,
				640120011D8BA13400D77FA8 /* AppDelegate.swift in Sources */,
			);
			runOnlyForDeploymentPostprocessing = 0;
		};
		6401200D1D8BA13400D77FA8 /* Sources */ = {
			isa = PBXSourcesBuildPhase;
			buildActionMask = 2147483647;
			files = (
				640120161D8BA13400D77FA8 /* CalculatorTests.swift in Sources */,
			);
			runOnlyForDeploymentPostprocessing = 0;
		};
		640120181D8BA13400D77FA8 /* Sources */ = {
			isa = PBXSourcesBuildPhase;
			buildActionMask = 2147483647;
			files = (
				640120211D8BA13400D77FA8 /* CalculatorUITests.swift in Sources */,
			);
			runOnlyForDeploymentPostprocessing = 0;
		};
/* End PBXSourcesBuildPhase section */

/* Begin PBXTargetDependency section */
		640120131D8BA13400D77FA8 /* PBXTargetDependency */ = {
			isa = PBXTargetDependency;
			target = 64011FFC1D8BA13400D77FA8 /* Calculator */;
			targetProxy = 640120121D8BA13400D77FA8 /* PBXContainerItemProxy */;
		};
		6401201E1D8BA13400D77FA8 /* PBXTargetDependency */ = {
			isa = PBXTargetDependency;
			target = 64011FFC1D8BA13400D77FA8 /* Calculator */;
			targetProxy = 6401201D1D8BA13400D77FA8 /* PBXContainerItemProxy */;
		};
/* End PBXTargetDependency section */

/* Begin PBXVariantGroup section */
		640120041D8BA13400D77FA8 /* Main.storyboard */ = {
			isa = PBXVariantGroup;
			children = (
				640120051D8BA13400D77FA8 /* Base */,
			);
			name = Main.storyboard;
			sourceTree = "<group>";
		};
		640120091D8BA13400D77FA8 /* LaunchScreen.storyboard */ = {
			isa = PBXVariantGroup;
			children = (
				6401200A1D8BA13400D77FA8 /* Base */,
			);
			name = LaunchScreen.storyboard;
			sourceTree = "<group>";
		};
/* End PBXVariantGroup section */

/* Begin XCBuildConfiguration section */
		640120231D8BA13400D77FA8 /* Debug */ = {
			isa = XCBuildConfiguration;
			buildSettings = {
				ALWAYS_SEARCH_USER_PATHS = NO;
				CLANG_ANALYZER_NONNULL = YES;
				CLANG_CXX_LANGUAGE_STANDARD = "gnu++0x";
				CLANG_CXX_LIBRARY = "libc++";
				CLANG_ENABLE_MODULES = YES;
				CLANG_ENABLE_OBJC_ARC = YES;
				CLANG_WARN_BOOL_CONVERSION = YES;
				CLANG_WARN_CONSTANT_CONVERSION = YES;
				CLANG_WARN_DIRECT_OBJC_ISA_USAGE = YES_ERROR;
				CLANG_WARN_EMPTY_BODY = YES;
				CLANG_WARN_ENUM_CONVERSION = YES;
				CLANG_WARN_INT_CONVERSION = YES;
				CLANG_WARN_OBJC_ROOT_CLASS = YES_ERROR;
				CLANG_WARN_UNREACHABLE_CODE = YES;
				CLANG_WARN__DUPLICATE_METHOD_MATCH = YES;
				"CODE_SIGN_IDENTITY[sdk=iphoneos*]" = "iPhone Developer";
				COPY_PHASE_STRIP = NO;
				DEBUG_INFORMATION_FORMAT = dwarf;
				ENABLE_STRICT_OBJC_MSGSEND = YES;
				ENABLE_TESTABILITY = YES;
				GCC_C_LANGUAGE_STANDARD = gnu99;
				GCC_DYNAMIC_NO_PIC = NO;
				GCC_NO_COMMON_BLOCKS = YES;
				GCC_OPTIMIZATION_LEVEL = 0;
				GCC_PREPROCESSOR_DEFINITIONS = (
					"DEBUG=1",
					"$(inherited)",
				);
				GCC_WARN_64_TO_32_BIT_CONVERSION = YES;
				GCC_WARN_ABOUT_RETURN_TYPE = YES_ERROR;
				GCC_WARN_UNDECLARED_SELECTOR = YES;
				GCC_WARN_UNINITIALIZED_AUTOS = YES_AGGRESSIVE;
				GCC_WARN_UNUSED_FUNCTION = YES;
				GCC_WARN_UNUSED_VARIABLE = YES;
				IPHONEOS_DEPLOYMENT_TARGET = 9.3;
				MTL_ENABLE_DEBUG_INFO = YES;
				ONLY_ACTIVE_ARCH = YES;
				SDKROOT = iphoneos;
				SWIFT_OPTIMIZATION_LEVEL = "-Onone";
				TARGETED_DEVICE_FAMILY = "1,2";
			};
			name = Debug;
		};
		640120241D8BA13400D77FA8 /* Release */ = {
			isa = XCBuildConfiguration;
			buildSettings = {
				ALWAYS_SEARCH_USER_PATHS = NO;
				CLANG_ANALYZER_NONNULL = YES;
				CLANG_CXX_LANGUAGE_STANDARD = "gnu++0x";
				CLANG_CXX_LIBRARY = "libc++";
				CLANG_ENABLE_MODULES = YES;
				CLANG_ENABLE_OBJC_ARC = YES;
				CLANG_WARN_BOOL_CONVERSION = YES;
				CLANG_WARN_CONSTANT_CONVERSION = YES;
				CLANG_WARN_DIRECT_OBJC_ISA_USAGE = YES_ERROR;
				CLANG_WARN_EMPTY_BODY = YES;
				CLANG_WARN_ENUM_CONVERSION = YES;
				CLANG_WARN_INT_CONVERSION = YES;
				CLANG_WARN_OBJC_ROOT_CLASS = YES_ERROR;
				CLANG_WARN_UNREACHABLE_CODE = YES;
				CLANG_WARN__DUPLICATE_METHOD_MATCH = YES;
				"CODE_SIGN_IDENTITY[sdk=iphoneos*]" = "iPhone Developer";
				COPY_PHASE_STRIP = NO;
				DEBUG_INFORMATION_FORMAT = "dwarf-with-dsym";
				ENABLE_NS_ASSERTIONS = NO;
				ENABLE_STRICT_OBJC_MSGSEND = YES;
				GCC_C_LANGUAGE_STANDARD = gnu99;
				GCC_NO_COMMON_BLOCKS = YES;
				GCC_WARN_64_TO_32_BIT_CONVERSION = YES;
				GCC_WARN_ABOUT_RETURN_TYPE = YES_ERROR;
				GCC_WARN_UNDECLARED_SELECTOR = YES;
				GCC_WARN_UNINITIALIZED_AUTOS = YES_AGGRESSIVE;
				GCC_WARN_UNUSED_FUNCTION = YES;
				GCC_WARN_UNUSED_VARIABLE = YES;
				IPHONEOS_DEPLOYMENT_TARGET = 9.3;
				MTL_ENABLE_DEBUG_INFO = NO;
				SDKROOT = iphoneos;
				TARGETED_DEVICE_FAMILY = "1,2";
				VALIDATE_PRODUCT = YES;
			};
			name = Release;
		};
		640120261D8BA13400D77FA8 /* Debug */ = {
			isa = XCBuildConfiguration;
			buildSettings = {
				ASSETCATALOG_COMPILER_APPICON_NAME = AppIcon;
				INFOPLIST_FILE = Calculator/Info.plist;
				LD_RUNPATH_SEARCH_PATHS = "$(inherited) @executable_path/Frameworks";
				PRODUCT_BUNDLE_IDENTIFIER = csumb.Calculator;
				PRODUCT_NAME = "$(TARGET_NAME)";
			};
			name = Debug;
		};
		640120271D8BA13400D77FA8 /* Release */ = {
			isa = XCBuildConfiguration;
			buildSettings = {
				ASSETCATALOG_COMPILER_APPICON_NAME = AppIcon;
				INFOPLIST_FILE = Calculator/Info.plist;
				LD_RUNPATH_SEARCH_PATHS = "$(inherited) @executable_path/Frameworks";
				PRODUCT_BUNDLE_IDENTIFIER = csumb.Calculator;
				PRODUCT_NAME = "$(TARGET_NAME)";
			};
			name = Release;
		};
		640120291D8BA13400D77FA8 /* Debug */ = {
			isa = XCBuildConfiguration;
			buildSettings = {
				BUNDLE_LOADER = "$(TEST_HOST)";
				INFOPLIST_FILE = CalculatorTests/Info.plist;
				LD_RUNPATH_SEARCH_PATHS = "$(inherited) @executable_path/Frameworks @loader_path/Frameworks";
				PRODUCT_BUNDLE_IDENTIFIER = csumb.CalculatorTests;
				PRODUCT_NAME = "$(TARGET_NAME)";
				TEST_HOST = "$(BUILT_PRODUCTS_DIR)/Calculator.app/Calculator";
			};
			name = Debug;
		};
		6401202A1D8BA13400D77FA8 /* Release */ = {
			isa = XCBuildConfiguration;
			buildSettings = {
				BUNDLE_LOADER = "$(TEST_HOST)";
				INFOPLIST_FILE = CalculatorTests/Info.plist;
				LD_RUNPATH_SEARCH_PATHS = "$(inherited) @executable_path/Frameworks @loader_path/Frameworks";
				PRODUCT_BUNDLE_IDENTIFIER = csumb.CalculatorTests;
				PRODUCT_NAME = "$(TARGET_NAME)";
				TEST_HOST = "$(BUILT_PRODUCTS_DIR)/Calculator.app/Calculator";
			};
			name = Release;
		};
		6401202C1D8BA13400D77FA8 /* Debug */ = {
			isa = XCBuildConfiguration;
			buildSettings = {
				INFOPLIST_FILE = CalculatorUITests/Info.plist;
				LD_RUNPATH_SEARCH_PATHS = "$(inherited) @executable_path/Frameworks @loader_path/Frameworks";
				PRODUCT_BUNDLE_IDENTIFIER = csumb.CalculatorUITests;
				PRODUCT_NAME = "$(TARGET_NAME)";
				TEST_TARGET_NAME = Calculator;
			};
			name = Debug;
		};
		6401202D1D8BA13400D77FA8 /* Release */ = {
			isa = XCBuildConfiguration;
			buildSettings = {
				INFOPLIST_FILE = CalculatorUITests/Info.plist;
				LD_RUNPATH_SEARCH_PATHS = "$(inherited) @executable_path/Frameworks @loader_path/Frameworks";
				PRODUCT_BUNDLE_IDENTIFIER = csumb.CalculatorUITests;
				PRODUCT_NAME = "$(TARGET_NAME)";
				TEST_TARGET_NAME = Calculator;
			};
			name = Release;
		};
/* End XCBuildConfiguration section */

/* Begin XCConfigurationList section */
		64011FF81D8BA13400D77FA8 /* Build configuration list for PBXProject "Calculator" */ = {
			isa = XCConfigurationList;
			buildConfigurations = (
				640120231D8BA13400D77FA8 /* Debug */,
				640120241D8BA13400D77FA8 /* Release */,
			);
			defaultConfigurationIsVisible = 0;
			defaultConfigurationName = Release;
		};
		640120251D8BA13400D77FA8 /* Build configuration list for PBXNativeTarget "Calculator" */ = {
			isa = XCConfigurationList;
			buildConfigurations = (
				640120261D8BA13400D77FA8 /* Debug */,
				640120271D8BA13400D77FA8 /* Release */,
			);
			defaultConfigurationIsVisible = 0;
		};
		640120281D8BA13400D77FA8 /* Build configuration list for PBXNativeTarget "CalculatorTests" */ = {
			isa = XCConfigurationList;
			buildConfigurations = (
				640120291D8BA13400D77FA8 /* Debug */,
				6401202A1D8BA13400D77FA8 /* Release */,
			);
			defaultConfigurationIsVisible = 0;
		};
		6401202B1D8BA13400D77FA8 /* Build configuration list for PBXNativeTarget "CalculatorUITests" */ = {
			isa = XCConfigurationList;
			buildConfigurations = (
				6401202C1D8BA13400D77FA8 /* Debug */,
				6401202D1D8BA13400D77FA8 /* Release */,
			);
			defaultConfigurationIsVisible = 0;
		};
/* End XCConfigurationList section */
	};
	rootObject = 64011FF51D8BA13400D77FA8 /* Project object */;
}
